
Microsoft Visual Studio Solution File, Format Version 12.00
# Visual Studio Version 17
VisualStudioVersion = 17.6.33829.357
MinimumVisualStudioVersion = 10.0.40219.1
Project("{9A19103F-16F7-4668-BE54-9A1E7A4F7556}") = "PersonalWeblog", "PersonalWeblog\PersonalWeblog.csproj", "{310B0387-8BA5-402E-B1EF-0EDD6E46C106}"
EndProject
Project("{FAE04EC0-301F-11D3-BF4B-00C04F79EFBC}") = "Domain", "Domain\Domain.csproj", "{9A48AD24-B2F6-40F4-96CD-0A023383E644}"
EndProject
Project("{FAE04EC0-301F-11D3-BF4B-00C04F79EFBC}") = "Infrastructure", "Infrastructure\Infrastructure.csproj", "{E82DABA1-21EE-424A-9084-7FD3669F1BF3}"
EndProject
Project("{FAE04EC0-301F-11D3-BF4B-00C04F79EFBC}") = "Application_Contracts", "Application_Contracts\Application_Contracts.csproj", "{09E1D781-2C46-4B37-9AEB-87E9E15ABEF3}"
EndProject
Project("{FAE04EC0-301F-11D3-BF4B-00C04F79EFBC}") = "Application", "Application\Application.csproj", "{FD887D84-9B85-4F03-B68D-89A0EBA0D2B3}"
EndProject
Global
	GlobalSection(SolutionConfigurationPlatforms) = preSolution
		Debug|Any CPU = Debug|Any CPU
		Release|Any CPU = Release|Any CPU
	EndGlobalSection
	GlobalSection(ProjectConfigurationPlatforms) = postSolution
		{310B0387-8BA5-402E-B1EF-0EDD6E46C106}.Debug|Any CPU.ActiveCfg = Debug|Any CPU
		{310B0387-8BA5-402E-B1EF-0EDD6E46C106}.Debug|Any CPU.Build.0 = Debug|Any CPU
		{310B0387-8BA5-402E-B1EF-0EDD6E46C106}.Release|Any CPU.ActiveCfg = Release|Any CPU
		{310B0387-8BA5-402E-B1EF-0EDD6E46C106}.Release|Any CPU.Build.0 = Release|Any CPU
		{9A48AD24-B2F6-40F4-96CD-0A023383E644}.Debug|Any CPU.ActiveCfg = Debug|Any CPU
		{9A48AD24-B2F6-40F4-96CD-0A023383E644}.Debug|Any CPU.Build.0 = Debug|Any CPU
		{9A48AD24-B2F6-40F4-96CD-0A023383E644}.Release|Any CPU.ActiveCfg = Release|Any CPU
		{9A48AD24-B2F6-40F4-96CD-0A023383E644}.Release|Any CPU.Build.0 = Release|Any CPU
		{E82DABA1-21EE-424A-9084-7FD3669F1BF3}.Debug|Any CPU.ActiveCfg = Debug|Any CPU
		{E82DABA1-21EE-424A-9084-7FD3669F1BF3}.Debug|Any CPU.Build.0 = Debug|Any CPU
		{E82DABA1-21EE-424A-9084-7FD3669F1BF3}.Release|Any CPU.ActiveCfg = Release|Any CPU
		{E82DABA1-21EE-424A-9084-7FD3669F1BF3}.Release|Any CPU.Build.0 = Release|Any CPU
		{09E1D781-2C46-4B37-9AEB-87E9E15ABEF3}.Debug|Any CPU.ActiveCfg = Debug|Any CPU
		{09E1D781-2C46-4B37-9AEB-87E9E15ABEF3}.Debug|Any CPU.Build.0 = Debug|Any CPU
		{09E1D781-2C46-4B37-9AEB-87E9E15ABEF3}.Release|Any CPU.ActiveCfg = Release|Any CPU
		{09E1D781-2C46-4B37-9AEB-87E9E15ABEF3}.Release|Any CPU.Build.0 = Release|Any CPU
		{FD887D84-9B85-4F03-B68D-89A0EBA0D2B3}.Debug|Any CPU.ActiveCfg = Debug|Any CPU
		{FD887D84-9B85-4F03-B68D-89A0EBA0D2B3}.Debug|Any CPU.Build.0 = Debug|Any CPU
		{FD887D84-9B85-4F03-B68D-89A0EBA0D2B3}.Release|Any CPU.ActiveCfg = Release|Any CPU
		{FD887D84-9B85-4F03-B68D-89A0EBA0D2B3}.Release|Any CPU.Build.0 = Release|Any CPU
	EndGlobalSection
	GlobalSection(SolutionProperties) = preSolution
		HideSolutionNode = FALSE
	EndGlobalSection
	GlobalSection(ExtensibilityGlobals) = postSolution
		SolutionGuid = {54C1C607-3E81-4DE9-98B9-06A0F81A000A}
	EndGlobalSection
EndGlobal
