{
  "name": "personalweblog",
  "version": "1.0.0",
  "lockfileVersion": 3,
  "requires": true,
  "packages": {
    "": {
      "name": "personalweblog",
      "version": "1.0.0",
      "license": "ISC",
      "dependencies": {
        "@sweetalert2/theme-dark": "^5.0.15",
        "@sweetalert2/themes": "^5.0.15",
        "bootstrap": "^5.3.0",
        "bootstrap-icons": "^1.10.5",
        "datatables.net-dt": "^1.13.5"
      }
    },
    "node_modules/@popperjs/core": {
      "version": "2.11.8",
      "resolved": "https://registry.npmjs.org/@popperjs/core/-/core-2.11.8.tgz",
      "integrity": "sha512-P1st0aksCrn9sGZhp8GMYwBnQsbvAWsZAX44oXNNvLHGqAOcoVxmjZiohstwQ7SqKnbR47akdNi+uleWD8+g6A==",
      "peer": true,
      "funding": {
        "type": "opencollective",
        "url": "https://opencollective.com/popperjs"
      }
    },
    "node_modules/@sweetalert2/theme-dark": {
      "version": "5.0.15",
      "resolved": "https://registry.npmjs.org/@sweetalert2/theme-dark/-/theme-dark-5.0.15.tgz",
      "integrity": "sha512-g1QCwQVOkiAz5hIEBOIvvu0580lubu4KuQlod+48QetYzGIEXNlHEH36QihCDnGVgE6vx48iO48w9q0WrZWyHQ=="
    },
    "node_modules/@sweetalert2/themes": {
      "version": "5.0.15",
      "resolved": "https://registry.npmjs.org/@sweetalert2/themes/-/themes-5.0.15.tgz",
      "integrity": "sha512-uGU7CynpjRc3cllTqZEvXiZTpfQ6MN4faG+Tf0VFW81bLysCQm00iHS3NJLZx5STRfxpM5SzqeVXpAzJyTG/WA==",
      "peerDependencies": {
        "sweetalert2": "^11.0.0"
      }
    },
    "node_modules/bootstrap": {
      "version": "5.3.0",
      "resolved": "https://registry.npmjs.org/bootstrap/-/bootstrap-5.3.0.tgz",
      "integrity": "sha512-UnBV3E3v4STVNQdms6jSGO2CvOkjUMdDAVR2V5N4uCMdaIkaQjbcEAMqRimDHIs4uqBYzDAKCQwCB+97tJgHQw==",
      "funding": [
        {
          "type": "github",
          "url": "https://github.com/sponsors/twbs"
        },
        {
          "type": "opencollective",
          "url": "https://opencollective.com/bootstrap"
        }
      ],
      "peerDependencies": {
        "@popperjs/core": "^2.11.7"
      }
    },
    "node_modules/bootstrap-icons": {
      "version": "1.10.5",
      "resolved": "https://registry.npmjs.org/bootstrap-icons/-/bootstrap-icons-1.10.5.tgz",
      "integrity": "sha512-oSX26F37V7QV7NCE53PPEL45d7EGXmBgHG3pDpZvcRaKVzWMqIRL9wcqJUyEha1esFtM3NJzvmxFXDxjJYD0jQ==",
      "funding": [
        {
          "type": "github",
          "url": "https://github.com/sponsors/twbs"
        },
        {
          "type": "opencollective",
          "url": "https://opencollective.com/bootstrap"
        }
      ]
    },
    "node_modules/datatables.net": {
      "version": "1.13.5",
      "resolved": "https://registry.npmjs.org/datatables.net/-/datatables.net-1.13.5.tgz",
      "integrity": "sha512-XoCQHkUM5MwbC3Wx7WpVvt4i880J8pIFDA9HIKD4GhvtalryBfmdd+bZvrc/rEbraZS7U4eR2k8/wFY0NeHVqQ==",
      "dependencies": {
        "jquery": ">=1.7"
      }
    },
    "node_modules/datatables.net-dt": {
      "version": "1.13.5",
      "resolved": "https://registry.npmjs.org/datatables.net-dt/-/datatables.net-dt-1.13.5.tgz",
      "integrity": "sha512-6cIFRd/ujr0AfHPLykJNAs/6FLgDygWgYoV4d7trK2+l4NLRCrlqumtA6pm+7xF5bBaIcD0DIT8W97TIUg/PBA==",
      "dependencies": {
        "datatables.net": ">=1.13.4",
        "jquery": ">=1.7"
      }
    },
    "node_modules/jquery": {
      "version": "3.7.0",
      "resolved": "https://registry.npmjs.org/jquery/-/jquery-3.7.0.tgz",
      "integrity": "sha512-umpJ0/k8X0MvD1ds0P9SfowREz2LenHsQaxSohMZ5OMNEU2r0tf8pdeEFTHMFxWVxKNyU9rTtK3CWzUCTKJUeQ=="
    },
    "node_modules/sweetalert2": {
      "version": "11.7.20",
      "resolved": "https://registry.npmjs.org/sweetalert2/-/sweetalert2-11.7.20.tgz",
      "integrity": "sha512-GdU1TkiLpGGC0mcPV8bKmS7G0MR7caxambPkEU8zyepRSNR9EaEvIjNhX5QNkL0VFVzHbI3l12NtuEklkJ0D4Q==",
      "peer": true,
      "funding": {
        "type": "individual",
        "url": "https://github.com/sponsors/limonte"
      }
    }
  }
}
